
Microsoft Visual Studio Solution File, Format Version 12.00
# Visual Studio Version 16
VisualStudioVersion = 16.0.29926.136
MinimumVisualStudioVersion = 10.0.40219.1
Project("{FAE04EC0-301F-11D3-BF4B-00C04F79EFBC}") = "HW2", "HW2\HW2.csproj", "{E7D5B0E6-0F5C-4854-A85F-0BB48164077E}"
EndProject
Global
	GlobalSection(SolutionConfigurationPlatforms) = preSolution
		Debug|Any CPU = Debug|Any CPU
		Release|Any CPU = Release|Any CPU
	EndGlobalSection
	GlobalSection(ProjectConfigurationPlatforms) = postSolution
		{E7D5B0E6-0F5C-4854-A85F-0BB48164077E}.Debug|Any CPU.ActiveCfg = Debug|Any CPU
		{E7D5B0E6-0F5C-4854-A85F-0BB48164077E}.Debug|Any CPU.Build.0 = Debug|Any CPU
		{E7D5B0E6-0F5C-4854-A85F-0BB48164077E}.Release|Any CPU.ActiveCfg = Release|Any CPU
		{E7D5B0E6-0F5C-4854-A85F-0BB48164077E}.Release|Any CPU.Build.0 = Release|Any CPU
	EndGlobalSection
	GlobalSection(SolutionProperties) = preSolution
		HideSolutionNode = FALSE
	EndGlobalSection
	GlobalSection(ExtensibilityGlobals) = postSolution
		SolutionGuid = {A645F39C-3452-4F4F-8513-8AF584629955}
	EndGlobalSection
EndGlobal
